{
    "_meta": {
        "hash": {
            "sha256": "463ec6214343eccc48b05f16c3137afb0b9ae46eb4604237217696801eff0163"
        },
        "pipfile-spec": 6,
        "requires": {
            "python_version": "3.7"
        },
        "sources": [
            {
                "name": "pypi",
                "url": "https://pypi.org/simple",
                "verify_ssl": true
            }
        ]
    },
    "default": {
        "altgraph": {
            "hashes": [
                "sha256:d6814989f242b2b43025cba7161fc1b8fb487a62cd49c49245d6fd01c18ac997",
                "sha256:ddf5320017147ba7b810198e0b6619bd7b5563aa034da388cea8546b877f9b0c"
            ],
            "version": "==0.16.1"
        },
        "future": {
            "hashes": [
                "sha256:858e38522e8fd0d3ce8f0c1feaf0603358e366d5403209674c7b617fa0c24093"
            ],
            "version": "==0.18.1"
        },
        "pefile": {
            "hashes": [
                "sha256:a5d6e8305c6b210849b47a6174ddf9c452b2888340b8177874b862ba6c207645"
            ],
            "version": "==2019.4.18"
        },
        "pydicom": {
            "hashes": [
                "sha256:585b0a81843dd021a9baa97d955aa99b2b6aac9b46beff4c4bdc2e3cbda621c8",
                "sha256:ee3a94de180c6337e1443ce346730a784f9027f56175f61ba4dfda632693b843"
            ],
            "index": "pypi",
            "version": "==1.3.0"
        },
        "pyinstaller": {
            "hashes": [
                "sha256:ee7504022d1332a3324250faf2135ea56ac71fdb6309cff8cd235de26b1d0a96"
            ],
            "index": "pypi",
            "version": "==3.5"
        },
        "pyside2": {
            "hashes": [
                "sha256:02986ba0215691980d7b126049c9aa392ffa5174079113bc5e62684bde625cb6",
                "sha256:433d8f0251ce3d7200ad5279b378165ad6babb1f10588ce7aae9df86c1e100d1",
                "sha256:5c52c9e1916248c16c12ae925f167e6ca2580c514c0d46fca0933df6a371d204",
                "sha256:8707fac6088dbf3c7262871a8fb5bf9276500f53ef67438b16c096cd510ce2e5",
                "sha256:8d185ba5d84a885eb9aacf25cee4efe1f8e4abff63afb6bc10e7176e475db59e",
                "sha256:e7aa2b4aa5f47c0f26c8907a4f308bca54ad8239bcabca904906b8f4a54e596e"
            ],
            "index": "pypi",
            "version": "==5.13.1"
        },
        "pywin32-ctypes": {
            "hashes": [
                "sha256:24ffc3b341d457d48e8922352130cf2644024a4ff09762a2261fd34c36ee5942",
                "sha256:9dc2d991b3479cc2df15930958b674a48a227d5361d413827a4cfd0b5876fc98"
            ],
            "version": "==0.2.0"
        },
        "shiboken2": {
            "hashes": [
                "sha256:14ca49878c8d545d1b74b0526af81e4ed5064133c682b57cabfa0ac16e7a2ccb",
                "sha256:2aa481ce1097d10f74f7d0570d7f38fa5158e49b2146ae3aae5c8c56623681b1",
                "sha256:cfec94e16b289f7abca6bf7dfc88b877098653855914c9f54d6477f47c68a93b",
                "sha256:dfbb1f2ea86b4ddff9e91589bc93c9b6e2702ab09285cdc151daa8096442a665",
                "sha256:f18ccc6f1870ab3fb7087412a745dfc4275c8afb1b645b88d982a5708032f3e3",
                "sha256:f341940069fe764f2a9c3a06a9844c4c353c94227d3dbc304640f34b42c02d7a"
            ],
            "version": "==5.13.1"
        }
    },
    "develop": {}
}
